
Microsoft Visual Studio Solution File, Format Version 12.00
# Visual Studio Version 16
VisualStudioVersion = 16.0.32106.194
MinimumVisualStudioVersion = 10.0.40219.1
Project("{FAE04EC0-301F-11D3-BF4B-00C04F79EFBC}") = "Generic Move Order", "Generic Move Order\Generic Move Order.csproj", "{7AE1DD0C-C64B-4D11-AFC9-781F5BBCB993}"
EndProject
Global
	GlobalSection(SolutionConfigurationPlatforms) = preSolution
		Debug|Any CPU = Debug|Any CPU
		Release|Any CPU = Release|Any CPU
	EndGlobalSection
	GlobalSection(ProjectConfigurationPlatforms) = postSolution
		{7AE1DD0C-C64B-4D11-AFC9-781F5BBCB993}.Debug|Any CPU.ActiveCfg = Debug|Any CPU
		{7AE1DD0C-C64B-4D11-AFC9-781F5BBCB993}.Debug|Any CPU.Build.0 = Debug|Any CPU
		{7AE1DD0C-C64B-4D11-AFC9-781F5BBCB993}.Release|Any CPU.ActiveCfg = Release|Any CPU
		{7AE1DD0C-C64B-4D11-AFC9-781F5BBCB993}.Release|Any CPU.Build.0 = Release|Any CPU
	EndGlobalSection
	GlobalSection(SolutionProperties) = preSolution
		HideSolutionNode = FALSE
	EndGlobalSection
	GlobalSection(ExtensibilityGlobals) = postSolution
		SolutionGuid = {7DBA49CA-D2E1-4800-8DBF-18FE9345B2EF}
	EndGlobalSection
EndGlobal
